// !$*UTF8*$!
{
	archiveVersion = 1;
	classes = {
	};
	objectVersion = 56;
	objects = {

/* Begin PBXBuildFile section */
		02F1F10C2950FE9F005FE6A3 /* AppDelegate.swift in Sources */ = {isa = PBXBuildFile; fileRef = 02F1F10B2950FE9F005FE6A3 /* AppDelegate.swift */; };
		02F1F10E2950FE9F005FE6A3 /* SceneDelegate.swift in Sources */ = {isa = PBXBuildFile; fileRef = 02F1F10D2950FE9F005FE6A3 /* SceneDelegate.swift */; };
		02F1F1102950FE9F005FE6A3 /* ViewController.swift in Sources */ = {isa = PBXBuildFile; fileRef = 02F1F10F2950FE9F005FE6A3 /* ViewController.swift */; };
		02F1F1132950FE9F005FE6A3 /* Main.storyboard in Resources */ = {isa = PBXBuildFile; fileRef = 02F1F1112950FE9F005FE6A3 /* Main.storyboard */; };
		02F1F1152950FEA0005FE6A3 /* Assets.xcassets in Resources */ = {isa = PBXBuildFile; fileRef = 02F1F1142950FEA0005FE6A3 /* Assets.xcassets */; };
		02F1F1182950FEA0005FE6A3 /* LaunchScreen.storyboard in Resources */ = {isa = PBXBuildFile; fileRef = 02F1F1162950FEA0005FE6A3 /* LaunchScreen.storyboard */; };
		02F1F1232950FEA0005FE6A3 /* tableView___HWTests.swift in Sources */ = {isa = PBXBuildFile; fileRef = 02F1F1222950FEA0005FE6A3 /* tableView___HWTests.swift */; };
		02F1F12D2950FEA0005FE6A3 /* tableView___HWUITests.swift in Sources */ = {isa = PBXBuildFile; fileRef = 02F1F12C2950FEA0005FE6A3 /* tableView___HWUITests.swift */; };
		02F1F12F2950FEA0005FE6A3 /* tableView___HWUITestsLaunchTests.swift in Sources */ = {isa = PBXBuildFile; fileRef = 02F1F12E2950FEA0005FE6A3 /* tableView___HWUITestsLaunchTests.swift */; };
		02F1F13C29510753005FE6A3 /* MapViewController.swift in Sources */ = {isa = PBXBuildFile; fileRef = 02F1F13B29510753005FE6A3 /* MapViewController.swift */; };
/* End PBXBuildFile section */

/* Begin PBXContainerItemProxy section */
		02F1F11F2950FEA0005FE6A3 /* PBXContainerItemProxy */ = {
			isa = PBXContainerItemProxy;
			containerPortal = 02F1F1002950FE9F005FE6A3 /* Project object */;
			proxyType = 1;
			remoteGlobalIDString = 02F1F1072950FE9F005FE6A3;
			remoteInfo = "tableView - HW";
		};
		02F1F1292950FEA0005FE6A3 /* PBXContainerItemProxy */ = {
			isa = PBXContainerItemProxy;
			containerPortal = 02F1F1002950FE9F005FE6A3 /* Project object */;
			proxyType = 1;
			remoteGlobalIDString = 02F1F1072950FE9F005FE6A3;
			remoteInfo = "tableView - HW";
		};
/* End PBXContainerItemProxy section */

/* Begin PBXFileReference section */
		02F1F1082950FE9F005FE6A3 /* tableView - HW.app */ = {isa = PBXFileReference; explicitFileType = wrapper.application; includeInIndex = 0; path = "tableView - HW.app"; sourceTree = BUILT_PRODUCTS_DIR; };
		02F1F10B2950FE9F005FE6A3 /* AppDelegate.swift */ = {isa = PBXFileReference; lastKnownFileType = sourcecode.swift; path = AppDelegate.swift; sourceTree = "<group>"; };
		02F1F10D2950FE9F005FE6A3 /* SceneDelegate.swift */ = {isa = PBXFileReference; lastKnownFileType = sourcecode.swift; path = SceneDelegate.swift; sourceTree = "<group>"; };
		02F1F10F2950FE9F005FE6A3 /* ViewController.swift */ = {isa = PBXFileReference; lastKnownFileType = sourcecode.swift; path = ViewController.swift; sourceTree = "<group>"; };
		02F1F1122950FE9F005FE6A3 /* Base */ = {isa = PBXFileReference; lastKnownFileType = file.storyboard; name = Base; path = Base.lproj/Main.storyboard; sourceTree = "<group>"; };
		02F1F1142950FEA0005FE6A3 /* Assets.xcassets */ = {isa = PBXFileReference; lastKnownFileType = folder.assetcatalog; path = Assets.xcassets; sourceTree = "<group>"; };
		02F1F1172950FEA0005FE6A3 /* Base */ = {isa = PBXFileReference; lastKnownFileType = file.storyboard; name = Base; path = Base.lproj/LaunchScreen.storyboard; sourceTree = "<group>"; };
		02F1F1192950FEA0005FE6A3 /* Info.plist */ = {isa = PBXFileReference; lastKnownFileType = text.plist.xml; path = Info.plist; sourceTree = "<group>"; };
		02F1F11E2950FEA0005FE6A3 /* tableView - HWTests.xctest */ = {isa = PBXFileReference; explicitFileType = wrapper.cfbundle; includeInIndex = 0; path = "tableView - HWTests.xctest"; sourceTree = BUILT_PRODUCTS_DIR; };
		02F1F1222950FEA0005FE6A3 /* tableView___HWTests.swift */ = {isa = PBXFileReference; lastKnownFileType = sourcecode.swift; path = "tableView___HWTests.swift"; sourceTree = "<group>"; };
		02F1F1282950FEA0005FE6A3 /* tableView - HWUITests.xctest */ = {isa = PBXFileReference; explicitFileType = wrapper.cfbundle; includeInIndex = 0; path = "tableView - HWUITests.xctest"; sourceTree = BUILT_PRODUCTS_DIR; };
		02F1F12C2950FEA0005FE6A3 /* tableView___HWUITests.swift */ = {isa = PBXFileReference; lastKnownFileType = sourcecode.swift; path = "tableView___HWUITests.swift"; sourceTree = "<group>"; };
		02F1F12E2950FEA0005FE6A3 /* tableView___HWUITestsLaunchTests.swift */ = {isa = PBXFileReference; lastKnownFileType = sourcecode.swift; path = "tableView___HWUITestsLaunchTests.swift"; sourceTree = "<group>"; };
		02F1F13B29510753005FE6A3 /* MapViewController.swift */ = {isa = PBXFileReference; lastKnownFileType = sourcecode.swift; path = MapViewController.swift; sourceTree = "<group>"; };
/* End PBXFileReference section */

/* Begin PBXFrameworksBuildPhase section */
		02F1F1052950FE9F005FE6A3 /* Frameworks */ = {
			isa = PBXFrameworksBuildPhase;
			buildActionMask = 2147483647;
			files = (
			);
			runOnlyForDeploymentPostprocessing = 0;
		};
		02F1F11B2950FEA0005FE6A3 /* Frameworks */ = {
			isa = PBXFrameworksBuildPhase;
			buildActionMask = 2147483647;
			files = (
			);
			runOnlyForDeploymentPostprocessing = 0;
		};
		02F1F1252950FEA0005FE6A3 /* Frameworks */ = {
			isa = PBXFrameworksBuildPhase;
			buildActionMask = 2147483647;
			files = (
			);
			runOnlyForDeploymentPostprocessing = 0;
		};
/* End PBXFrameworksBuildPhase section */

/* Begin PBXGroup section */
		02F1F0FF2950FE9F005FE6A3 = {
			isa = PBXGroup;
			children = (
				02F1F10A2950FE9F005FE6A3 /* tableView - HW */,
				02F1F1212950FEA0005FE6A3 /* tableView - HWTests */,
				02F1F12B2950FEA0005FE6A3 /* tableView - HWUITests */,
				02F1F1092950FE9F005FE6A3 /* Products */,
			);
			sourceTree = "<group>";
		};
		02F1F1092950FE9F005FE6A3 /* Products */ = {
			isa = PBXGroup;
			children = (
				02F1F1082950FE9F005FE6A3 /* tableView - HW.app */,
				02F1F11E2950FEA0005FE6A3 /* tableView - HWTests.xctest */,
				02F1F1282950FEA0005FE6A3 /* tableView - HWUITests.xctest */,
			);
			name = Products;
			sourceTree = "<group>";
		};
		02F1F10A2950FE9F005FE6A3 /* tableView - HW */ = {
			isa = PBXGroup;
			children = (
				02F1F10B2950FE9F005FE6A3 /* AppDelegate.swift */,
				02F1F10D2950FE9F005FE6A3 /* SceneDelegate.swift */,
				02F1F10F2950FE9F005FE6A3 /* ViewController.swift */,
				02F1F13B29510753005FE6A3 /* MapViewController.swift */,
				02F1F1112950FE9F005FE6A3 /* Main.storyboard */,
				02F1F1142950FEA0005FE6A3 /* Assets.xcassets */,
				02F1F1162950FEA0005FE6A3 /* LaunchScreen.storyboard */,
				02F1F1192950FEA0005FE6A3 /* Info.plist */,
			);
			path = "tableView - HW";
			sourceTree = "<group>";
		};
		02F1F1212950FEA0005FE6A3 /* tableView - HWTests */ = {
			isa = PBXGroup;
			children = (
				02F1F1222950FEA0005FE6A3 /* tableView___HWTests.swift */,
			);
			path = "tableView - HWTests";
			sourceTree = "<group>";
		};
		02F1F12B2950FEA0005FE6A3 /* tableView - HWUITests */ = {
			isa = PBXGroup;
			children = (
				02F1F12C2950FEA0005FE6A3 /* tableView___HWUITests.swift */,
				02F1F12E2950FEA0005FE6A3 /* tableView___HWUITestsLaunchTests.swift */,
			);
			path = "tableView - HWUITests";
			sourceTree = "<group>";
		};
/* End PBXGroup section */

/* Begin PBXNativeTarget section */
		02F1F1072950FE9F005FE6A3 /* tableView - HW */ = {
			isa = PBXNativeTarget;
			buildConfigurationList = 02F1F1322950FEA0005FE6A3 /* Build configuration list for PBXNativeTarget "tableView - HW" */;
			buildPhases = (
				02F1F1042950FE9F005FE6A3 /* Sources */,
				02F1F1052950FE9F005FE6A3 /* Frameworks */,
				02F1F1062950FE9F005FE6A3 /* Resources */,
			);
			buildRules = (
			);
			dependencies = (
			);
			name = "tableView - HW";
			productName = "tableView - HW";
			productReference = 02F1F1082950FE9F005FE6A3 /* tableView - HW.app */;
			productType = "com.apple.product-type.application";
		};
		02F1F11D2950FEA0005FE6A3 /* tableView - HWTests */ = {
			isa = PBXNativeTarget;
			buildConfigurationList = 02F1F1352950FEA0005FE6A3 /* Build configuration list for PBXNativeTarget "tableView - HWTests" */;
			buildPhases = (
				02F1F11A2950FEA0005FE6A3 /* Sources */,
				02F1F11B2950FEA0005FE6A3 /* Frameworks */,
				02F1F11C2950FEA0005FE6A3 /* Resources */,
			);
			buildRules = (
			);
			dependencies = (
				02F1F1202950FEA0005FE6A3 /* PBXTargetDependency */,
			);
			name = "tableView - HWTests";
			productName = "tableView - HWTests";
			productReference = 02F1F11E2950FEA0005FE6A3 /* tableView - HWTests.xctest */;
			productType = "com.apple.product-type.bundle.unit-test";
		};
		02F1F1272950FEA0005FE6A3 /* tableView - HWUITests */ = {
			isa = PBXNativeTarget;
			buildConfigurationList = 02F1F1382950FEA0005FE6A3 /* Build configuration list for PBXNativeTarget "tableView - HWUITests" */;
			buildPhases = (
				02F1F1242950FEA0005FE6A3 /* Sources */,
				02F1F1252950FEA0005FE6A3 /* Frameworks */,
				02F1F1262950FEA0005FE6A3 /* Resources */,
			);
			buildRules = (
			);
			dependencies = (
				02F1F12A2950FEA0005FE6A3 /* PBXTargetDependency */,
			);
			name = "tableView - HWUITests";
			productName = "tableView - HWUITests";
			productReference = 02F1F1282950FEA0005FE6A3 /* tableView - HWUITests.xctest */;
			productType = "com.apple.product-type.bundle.ui-testing";
		};
/* End PBXNativeTarget section */

/* Begin PBXProject section */
		02F1F1002950FE9F005FE6A3 /* Project object */ = {
			isa = PBXProject;
			attributes = {
				BuildIndependentTargetsInParallel = 1;
				LastSwiftUpdateCheck = 1420;
				LastUpgradeCheck = 1420;
				TargetAttributes = {
					02F1F1072950FE9F005FE6A3 = {
						CreatedOnToolsVersion = 14.2;
					};
					02F1F11D2950FEA0005FE6A3 = {
						CreatedOnToolsVersion = 14.2;
						TestTargetID = 02F1F1072950FE9F005FE6A3;
					};
					02F1F1272950FEA0005FE6A3 = {
						CreatedOnToolsVersion = 14.2;
						TestTargetID = 02F1F1072950FE9F005FE6A3;
					};
				};
			};
			buildConfigurationList = 02F1F1032950FE9F005FE6A3 /* Build configuration list for PBXProject "tableView - HW" */;
			compatibilityVersion = "Xcode 14.0";
			developmentRegion = en;
			hasScannedForEncodings = 0;
			knownRegions = (
				en,
				Base,
			);
			mainGroup = 02F1F0FF2950FE9F005FE6A3;
			productRefGroup = 02F1F1092950FE9F005FE6A3 /* Products */;
			projectDirPath = "";
			projectRoot = "";
			targets = (
				02F1F1072950FE9F005FE6A3 /* tableView - HW */,
				02F1F11D2950FEA0005FE6A3 /* tableView - HWTests */,
				02F1F1272950FEA0005FE6A3 /* tableView - HWUITests */,
			);
		};
/* End PBXProject section */

/* Begin PBXResourcesBuildPhase section */
		02F1F1062950FE9F005FE6A3 /* Resources */ = {
			isa = PBXResourcesBuildPhase;
			buildActionMask = 2147483647;
			files = (
				02F1F1182950FEA0005FE6A3 /* LaunchScreen.storyboard in Resources */,
				02F1F1152950FEA0005FE6A3 /* Assets.xcassets in Resources */,
				02F1F1132950FE9F005FE6A3 /* Main.storyboard in Resources */,
			);
			runOnlyForDeploymentPostprocessing = 0;
		};
		02F1F11C2950FEA0005FE6A3 /* Resources */ = {
			isa = PBXResourcesBuildPhase;
			buildActionMask = 2147483647;
			files = (
			);
			runOnlyForDeploymentPostprocessing = 0;
		};
		02F1F1262950FEA0005FE6A3 /* Resources */ = {
			isa = PBXResourcesBuildPhase;
			buildActionMask = 2147483647;
			files = (
			);
			runOnlyForDeploymentPostprocessing = 0;
		};
/* End PBXResourcesBuildPhase section */

/* Begin PBXSourcesBuildPhase section */
		02F1F1042950FE9F005FE6A3 /* Sources */ = {
			isa = PBXSourcesBuildPhase;
			buildActionMask = 2147483647;
			files = (
				02F1F1102950FE9F005FE6A3 /* ViewController.swift in Sources */,
				02F1F10C2950FE9F005FE6A3 /* AppDelegate.swift in Sources */,
				02F1F10E2950FE9F005FE6A3 /* SceneDelegate.swift in Sources */,
				02F1F13C29510753005FE6A3 /* MapViewController.swift in Sources */,
			);
			runOnlyForDeploymentPostprocessing = 0;
		};
		02F1F11A2950FEA0005FE6A3 /* Sources */ = {
			isa = PBXSourcesBuildPhase;
			buildActionMask = 2147483647;
			files = (
				02F1F1232950FEA0005FE6A3 /* tableView___HWTests.swift in Sources */,
			);
			runOnlyForDeploymentPostprocessing = 0;
		};
		02F1F1242950FEA0005FE6A3 /* Sources */ = {
			isa = PBXSourcesBuildPhase;
			buildActionMask = 2147483647;
			files = (
				02F1F12D2950FEA0005FE6A3 /* tableView___HWUITests.swift in Sources */,
				02F1F12F2950FEA0005FE6A3 /* tableView___HWUITestsLaunchTests.swift in Sources */,
			);
			runOnlyForDeploymentPostprocessing = 0;
		};
/* End PBXSourcesBuildPhase section */

/* Begin PBXTargetDependency section */
		02F1F1202950FEA0005FE6A3 /* PBXTargetDependency */ = {
			isa = PBXTargetDependency;
			target = 02F1F1072950FE9F005FE6A3 /* tableView - HW */;
			targetProxy = 02F1F11F2950FEA0005FE6A3 /* PBXContainerItemProxy */;
		};
		02F1F12A2950FEA0005FE6A3 /* PBXTargetDependency */ = {
			isa = PBXTargetDependency;
			target = 02F1F1072950FE9F005FE6A3 /* tableView - HW */;
			targetProxy = 02F1F1292950FEA0005FE6A3 /* PBXContainerItemProxy */;
		};
/* End PBXTargetDependency section */

/* Begin PBXVariantGroup section */
		02F1F1112950FE9F005FE6A3 /* Main.storyboard */ = {
			isa = PBXVariantGroup;
			children = (
				02F1F1122950FE9F005FE6A3 /* Base */,
			);
			name = Main.storyboard;
			sourceTree = "<group>";
		};
		02F1F1162950FEA0005FE6A3 /* LaunchScreen.storyboard */ = {
			isa = PBXVariantGroup;
			children = (
				02F1F1172950FEA0005FE6A3 /* Base */,
			);
			name = LaunchScreen.storyboard;
			sourceTree = "<group>";
		};
/* End PBXVariantGroup section */

/* Begin XCBuildConfiguration section */
		02F1F1302950FEA0005FE6A3 /* Debug */ = {
			isa = XCBuildConfiguration;
			buildSettings = {
				ALWAYS_SEARCH_USER_PATHS = NO;
				CLANG_ANALYZER_NONNULL = YES;
				CLANG_ANALYZER_NUMBER_OBJECT_CONVERSION = YES_AGGRESSIVE;
				CLANG_CXX_LANGUAGE_STANDARD = "gnu++20";
				CLANG_ENABLE_MODULES = YES;
				CLANG_ENABLE_OBJC_ARC = YES;
				CLANG_ENABLE_OBJC_WEAK = YES;
				CLANG_WARN_BLOCK_CAPTURE_AUTORELEASING = YES;
				CLANG_WARN_BOOL_CONVERSION = YES;
				CLANG_WARN_COMMA = YES;
				CLANG_WARN_CONSTANT_CONVERSION = YES;
				CLANG_WARN_DEPRECATED_OBJC_IMPLEMENTATIONS = YES;
				CLANG_WARN_DIRECT_OBJC_ISA_USAGE = YES_ERROR;
				CLANG_WARN_DOCUMENTATION_COMMENTS = YES;
				CLANG_WARN_EMPTY_BODY = YES;
				CLANG_WARN_ENUM_CONVERSION = YES;
				CLANG_WARN_INFINITE_RECURSION = YES;
				CLANG_WARN_INT_CONVERSION = YES;
				CLANG_WARN_NON_LITERAL_NULL_CONVERSION = YES;
				CLANG_WARN_OBJC_IMPLICIT_RETAIN_SELF = YES;
				CLANG_WARN_OBJC_LITERAL_CONVERSION = YES;
				CLANG_WARN_OBJC_ROOT_CLASS = YES_ERROR;
				CLANG_WARN_QUOTED_INCLUDE_IN_FRAMEWORK_HEADER = YES;
				CLANG_WARN_RANGE_LOOP_ANALYSIS = YES;
				CLANG_WARN_STRICT_PROTOTYPES = YES;
				CLANG_WARN_SUSPICIOUS_MOVE = YES;
				CLANG_WARN_UNGUARDED_AVAILABILITY = YES_AGGRESSIVE;
				CLANG_WARN_UNREACHABLE_CODE = YES;
				CLANG_WARN__DUPLICATE_METHOD_MATCH = YES;
				COPY_PHASE_STRIP = NO;
				DEBUG_INFORMATION_FORMAT = dwarf;
				ENABLE_STRICT_OBJC_MSGSEND = YES;
				ENABLE_TESTABILITY = YES;
				GCC_C_LANGUAGE_STANDARD = gnu11;
				GCC_DYNAMIC_NO_PIC = NO;
				GCC_NO_COMMON_BLOCKS = YES;
				GCC_OPTIMIZATION_LEVEL = 0;
				GCC_PREPROCESSOR_DEFINITIONS = (
					"DEBUG=1",
					"$(inherited)",
				);
				GCC_WARN_64_TO_32_BIT_CONVERSION = YES;
				GCC_WARN_ABOUT_RETURN_TYPE = YES_ERROR;
				GCC_WARN_UNDECLARED_SELECTOR = YES;
				GCC_WARN_UNINITIALIZED_AUTOS = YES_AGGRESSIVE;
				GCC_WARN_UNUSED_FUNCTION = YES;
				GCC_WARN_UNUSED_VARIABLE = YES;
				IPHONEOS_DEPLOYMENT_TARGET = 16.2;
				MTL_ENABLE_DEBUG_INFO = INCLUDE_SOURCE;
				MTL_FAST_MATH = YES;
				ONLY_ACTIVE_ARCH = YES;
				SDKROOT = iphoneos;
				SWIFT_ACTIVE_COMPILATION_CONDITIONS = DEBUG;
				SWIFT_OPTIMIZATION_LEVEL = "-Onone";
			};
			name = Debug;
		};
		02F1F1312950FEA0005FE6A3 /* Release */ = {
			isa = XCBuildConfiguration;
			buildSettings = {
				ALWAYS_SEARCH_USER_PATHS = NO;
				CLANG_ANALYZER_NONNULL = YES;
				CLANG_ANALYZER_NUMBER_OBJECT_CONVERSION = YES_AGGRESSIVE;
				CLANG_CXX_LANGUAGE_STANDARD = "gnu++20";
				CLANG_ENABLE_MODULES = YES;
				CLANG_ENABLE_OBJC_ARC = YES;
				CLANG_ENABLE_OBJC_WEAK = YES;
				CLANG_WARN_BLOCK_CAPTURE_AUTORELEASING = YES;
				CLANG_WARN_BOOL_CONVERSION = YES;
				CLANG_WARN_COMMA = YES;
				CLANG_WARN_CONSTANT_CONVERSION = YES;
				CLANG_WARN_DEPRECATED_OBJC_IMPLEMENTATIONS = YES;
				CLANG_WARN_DIRECT_OBJC_ISA_USAGE = YES_ERROR;
				CLANG_WARN_DOCUMENTATION_COMMENTS = YES;
				CLANG_WARN_EMPTY_BODY = YES;
				CLANG_WARN_ENUM_CONVERSION = YES;
				CLANG_WARN_INFINITE_RECURSION = YES;
				CLANG_WARN_INT_CONVERSION = YES;
				CLANG_WARN_NON_LITERAL_NULL_CONVERSION = YES;
				CLANG_WARN_OBJC_IMPLICIT_RETAIN_SELF = YES;
				CLANG_WARN_OBJC_LITERAL_CONVERSION = YES;
				CLANG_WARN_OBJC_ROOT_CLASS = YES_ERROR;
				CLANG_WARN_QUOTED_INCLUDE_IN_FRAMEWORK_HEADER = YES;
				CLANG_WARN_RANGE_LOOP_ANALYSIS = YES;
				CLANG_WARN_STRICT_PROTOTYPES = YES;
				CLANG_WARN_SUSPICIOUS_MOVE = YES;
				CLANG_WARN_UNGUARDED_AVAILABILITY = YES_AGGRESSIVE;
				CLANG_WARN_UNREACHABLE_CODE = YES;
				CLANG_WARN__DUPLICATE_METHOD_MATCH = YES;
				COPY_PHASE_STRIP = NO;
				DEBUG_INFORMATION_FORMAT = "dwarf-with-dsym";
				ENABLE_NS_ASSERTIONS = NO;
				ENABLE_STRICT_OBJC_MSGSEND = YES;
				GCC_C_LANGUAGE_STANDARD = gnu11;
				GCC_NO_COMMON_BLOCKS = YES;
				GCC_WARN_64_TO_32_BIT_CONVERSION = YES;
				GCC_WARN_ABOUT_RETURN_TYPE = YES_ERROR;
				GCC_WARN_UNDECLARED_SELECTOR = YES;
				GCC_WARN_UNINITIALIZED_AUTOS = YES_AGGRESSIVE;
				GCC_WARN_UNUSED_FUNCTION = YES;
				GCC_WARN_UNUSED_VARIABLE = YES;
				IPHONEOS_DEPLOYMENT_TARGET = 16.2;
				MTL_ENABLE_DEBUG_INFO = NO;
				MTL_FAST_MATH = YES;
				SDKROOT = iphoneos;
				SWIFT_COMPILATION_MODE = wholemodule;
				SWIFT_OPTIMIZATION_LEVEL = "-O";
				VALIDATE_PRODUCT = YES;
			};
			name = Release;
		};
		02F1F1332950FEA0005FE6A3 /* Debug */ = {
			isa = XCBuildConfiguration;
			buildSettings = {
				ASSETCATALOG_COMPILER_APPICON_NAME = AppIcon;
				ASSETCATALOG_COMPILER_GLOBAL_ACCENT_COLOR_NAME = AccentColor;
				CODE_SIGN_STYLE = Automatic;
				CURRENT_PROJECT_VERSION = 1;
				GENERATE_INFOPLIST_FILE = YES;
				INFOPLIST_FILE = "tableView - HW/Info.plist";
				INFOPLIST_KEY_UIApplicationSupportsIndirectInputEvents = YES;
				INFOPLIST_KEY_UILaunchStoryboardName = LaunchScreen;
				INFOPLIST_KEY_UIMainStoryboardFile = Main;
				INFOPLIST_KEY_UISupportedInterfaceOrientations_iPad = "UIInterfaceOrientationPortrait UIInterfaceOrientationPortraitUpsideDown UIInterfaceOrientationLandscapeLeft UIInterfaceOrientationLandscapeRight";
				INFOPLIST_KEY_UISupportedInterfaceOrientations_iPhone = "UIInterfaceOrientationPortrait UIInterfaceOrientationLandscapeLeft UIInterfaceOrientationLandscapeRight";
				LD_RUNPATH_SEARCH_PATHS = (
					"$(inherited)",
					"@executable_path/Frameworks",
				);
				MARKETING_VERSION = 1.0;
				PRODUCT_BUNDLE_IDENTIFIER = "com.enhanceIT.tableView---HW";
				PRODUCT_NAME = "$(TARGET_NAME)";
				SWIFT_EMIT_LOC_STRINGS = YES;
				SWIFT_VERSION = 5.0;
				TARGETED_DEVICE_FAMILY = "1,2";
			};
			name = Debug;
		};
		02F1F1342950FEA0005FE6A3 /* Release */ = {
			isa = XCBuildConfiguration;
			buildSettings = {
				ASSETCATALOG_COMPILER_APPICON_NAME = AppIcon;
				ASSETCATALOG_COMPILER_GLOBAL_ACCENT_COLOR_NAME = AccentColor;
				CODE_SIGN_STYLE = Automatic;
				CURRENT_PROJECT_VERSION = 1;
				GENERATE_INFOPLIST_FILE = YES;
				INFOPLIST_FILE = "tableView - HW/Info.plist";
				INFOPLIST_KEY_UIApplicationSupportsIndirectInputEvents = YES;
				INFOPLIST_KEY_UILaunchStoryboardName = LaunchScreen;
				INFOPLIST_KEY_UIMainStoryboardFile = Main;
				INFOPLIST_KEY_UISupportedInterfaceOrientations_iPad = "UIInterfaceOrientationPortrait UIInterfaceOrientationPortraitUpsideDown UIInterfaceOrientationLandscapeLeft UIInterfaceOrientationLandscapeRight";
				INFOPLIST_KEY_UISupportedInterfaceOrientations_iPhone = "UIInterfaceOrientationPortrait UIInterfaceOrientationLandscapeLeft UIInterfaceOrientationLandscapeRight";
				LD_RUNPATH_SEARCH_PATHS = (
					"$(inherited)",
					"@executable_path/Frameworks",
				);
				MARKETING_VERSION = 1.0;
				PRODUCT_BUNDLE_IDENTIFIER = "com.enhanceIT.tableView---HW";
				PRODUCT_NAME = "$(TARGET_NAME)";
				SWIFT_EMIT_LOC_STRINGS = YES;
				SWIFT_VERSION = 5.0;
				TARGETED_DEVICE_FAMILY = "1,2";
			};
			name = Release;
		};
		02F1F1362950FEA0005FE6A3 /* Debug */ = {
			isa = XCBuildConfiguration;
			buildSettings = {
				ALWAYS_EMBED_SWIFT_STANDARD_LIBRARIES = YES;
				BUNDLE_LOADER = "$(TEST_HOST)";
				CODE_SIGN_STYLE = Automatic;
				CURRENT_PROJECT_VERSION = 1;
				GENERATE_INFOPLIST_FILE = YES;
				IPHONEOS_DEPLOYMENT_TARGET = 16.2;
				MARKETING_VERSION = 1.0;
				PRODUCT_BUNDLE_IDENTIFIER = "com.enhanceIT.tableView---HWTests";
				PRODUCT_NAME = "$(TARGET_NAME)";
				SWIFT_EMIT_LOC_STRINGS = NO;
				SWIFT_VERSION = 5.0;
				TARGETED_DEVICE_FAMILY = "1,2";
				TEST_HOST = "$(BUILT_PRODUCTS_DIR)/tableView - HW.app/$(BUNDLE_EXECUTABLE_FOLDER_PATH)/tableView - HW";
			};
			name = Debug;
		};
		02F1F1372950FEA0005FE6A3 /* Release */ = {
			isa = XCBuildConfiguration;
			buildSettings = {
				ALWAYS_EMBED_SWIFT_STANDARD_LIBRARIES = YES;
				BUNDLE_LOADER = "$(TEST_HOST)";
				CODE_SIGN_STYLE = Automatic;
				CURRENT_PROJECT_VERSION = 1;
				GENERATE_INFOPLIST_FILE = YES;
				IPHONEOS_DEPLOYMENT_TARGET = 16.2;
				MARKETING_VERSION = 1.0;
				PRODUCT_BUNDLE_IDENTIFIER = "com.enhanceIT.tableView---HWTests";
				PRODUCT_NAME = "$(TARGET_NAME)";
				SWIFT_EMIT_LOC_STRINGS = NO;
				SWIFT_VERSION = 5.0;
				TARGETED_DEVICE_FAMILY = "1,2";
				TEST_HOST = "$(BUILT_PRODUCTS_DIR)/tableView - HW.app/$(BUNDLE_EXECUTABLE_FOLDER_PATH)/tableView - HW";
			};
			name = Release;
		};
		02F1F1392950FEA0005FE6A3 /* Debug */ = {
			isa = XCBuildConfiguration;
			buildSettings = {
				ALWAYS_EMBED_SWIFT_STANDARD_LIBRARIES = YES;
				CODE_SIGN_STYLE = Automatic;
				CURRENT_PROJECT_VERSION = 1;
				GENERATE_INFOPLIST_FILE = YES;
				MARKETING_VERSION = 1.0;
				PRODUCT_BUNDLE_IDENTIFIER = "com.enhanceIT.tableView---HWUITests";
				PRODUCT_NAME = "$(TARGET_NAME)";
				SWIFT_EMIT_LOC_STRINGS = NO;
				SWIFT_VERSION = 5.0;
				TARGETED_DEVICE_FAMILY = "1,2";
				TEST_TARGET_NAME = "tableView - HW";
			};
			name = Debug;
		};
		02F1F13A2950FEA0005FE6A3 /* Release */ = {
			isa = XCBuildConfiguration;
			buildSettings = {
				ALWAYS_EMBED_SWIFT_STANDARD_LIBRARIES = YES;
				CODE_SIGN_STYLE = Automatic;
				CURRENT_PROJECT_VERSION = 1;
				GENERATE_INFOPLIST_FILE = YES;
				MARKETING_VERSION = 1.0;
				PRODUCT_BUNDLE_IDENTIFIER = "com.enhanceIT.tableView---HWUITests";
				PRODUCT_NAME = "$(TARGET_NAME)";
				SWIFT_EMIT_LOC_STRINGS = NO;
				SWIFT_VERSION = 5.0;
				TARGETED_DEVICE_FAMILY = "1,2";
				TEST_TARGET_NAME = "tableView - HW";
			};
			name = Release;
		};
/* End XCBuildConfiguration section */

/* Begin XCConfigurationList section */
		02F1F1032950FE9F005FE6A3 /* Build configuration list for PBXProject "tableView - HW" */ = {
			isa = XCConfigurationList;
			buildConfigurations = (
				02F1F1302950FEA0005FE6A3 /* Debug */,
				02F1F1312950FEA0005FE6A3 /* Release */,
			);
			defaultConfigurationIsVisible = 0;
			defaultConfigurationName = Release;
		};
		02F1F1322950FEA0005FE6A3 /* Build configuration list for PBXNativeTarget "tableView - HW" */ = {
			isa = XCConfigurationList;
			buildConfigurations = (
				02F1F1332950FEA0005FE6A3 /* Debug */,
				02F1F1342950FEA0005FE6A3 /* Release */,
			);
			defaultConfigurationIsVisible = 0;
			defaultConfigurationName = Release;
		};
		02F1F1352950FEA0005FE6A3 /* Build configuration list for PBXNativeTarget "tableView - HWTests" */ = {
			isa = XCConfigurationList;
			buildConfigurations = (
				02F1F1362950FEA0005FE6A3 /* Debug */,
				02F1F1372950FEA0005FE6A3 /* Release */,
			);
			defaultConfigurationIsVisible = 0;
			defaultConfigurationName = Release;
		};
		02F1F1382950FEA0005FE6A3 /* Build configuration list for PBXNativeTarget "tableView - HWUITests" */ = {
			isa = XCConfigurationList;
			buildConfigurations = (
				02F1F1392950FEA0005FE6A3 /* Debug */,
				02F1F13A2950FEA0005FE6A3 /* Release */,
			);
			defaultConfigurationIsVisible = 0;
			defaultConfigurationName = Release;
		};
/* End XCConfigurationList section */
	};
	rootObject = 02F1F1002950FE9F005FE6A3 /* Project object */;
}
